{
  "version": 4,
  "terraform_version": "1.8.4",
  "serial": 63,
  "lineage": "144aacfe-ee60-ed22-7d0f-82981654c808",
  "outputs": {},
  "resources": [
    {
      "mode": "managed",
      "type": "aws_eip",
      "name": "ngw_eip",
      "provider": "provider[\"registry.terraform.io/hashicorp/aws\"]",
      "instances": [
        {
          "schema_version": 0,
          "attributes": {
            "address": null,
            "allocation_id": "eipalloc-043500dd4bef9abc0",
            "associate_with_private_ip": null,
            "association_id": "",
            "carrier_ip": "",
            "customer_owned_ip": "",
            "customer_owned_ipv4_pool": "",
            "domain": "vpc",
            "id": "eipalloc-043500dd4bef9abc0",
            "instance": "",
            "network_border_group": "eu-west-1",
            "network_interface": "",
            "private_dns": null,
            "private_ip": "",
            "public_dns": "ec2-54-247-103-132.eu-west-1.compute.amazonaws.com",
            "public_ip": "54.247.103.132",
            "public_ipv4_pool": "amazon",
            "tags": {
              "Name": "NAT Gateway"
            },
            "tags_all": {
              "Name": "NAT Gateway"
            },
            "timeouts": null,
            "vpc": true
          },
          "sensitive_attributes": [],
          "private": "eyJlMmJmYjczMC1lY2FhLTExZTYtOGY4OC0zNDM2M2JjN2M0YzAiOnsiZGVsZXRlIjoxODAwMDAwMDAwMDAsInJlYWQiOjkwMDAwMDAwMDAwMCwidXBkYXRlIjozMDAwMDAwMDAwMDB9fQ==",
          "dependencies": [
            "aws_internet_gateway.igw",
            "aws_vpc.vpc"
          ]
        }
      ]
    },
    {
      "mode": "managed",
      "type": "aws_internet_gateway",
      "name": "igw",
      "provider": "provider[\"registry.terraform.io/hashicorp/aws\"]",
      "instances": [
        {
          "schema_version": 0,
          "attributes": {
            "arn": "arn:aws:ec2:eu-west-1:746669210359:internet-gateway/igw-0e26ead25ccbac7e8",
            "id": "igw-0e26ead25ccbac7e8",
            "owner_id": "746669210359",
            "tags": {
              "Name": "NSITF Prod IGW"
            },
            "tags_all": {
              "Name": "NSITF Prod IGW"
            },
            "timeouts": null,
            "vpc_id": "vpc-08930d10fca9394f7"
          },
          "sensitive_attributes": [],
          "private": "eyJlMmJmYjczMC1lY2FhLTExZTYtOGY4OC0zNDM2M2JjN2M0YzAiOnsiY3JlYXRlIjoxMjAwMDAwMDAwMDAwLCJkZWxldGUiOjEyMDAwMDAwMDAwMDAsInVwZGF0ZSI6MTIwMDAwMDAwMDAwMH19",
          "dependencies": [
            "aws_vpc.vpc"
          ]
        }
      ]
    },
    {
      "mode": "managed",
      "type": "aws_nat_gateway",
      "name": "ngw",
      "provider": "provider[\"registry.terraform.io/hashicorp/aws\"]",
      "instances": [
        {
          "schema_version": 0,
          "attributes": {
            "allocation_id": "eipalloc-043500dd4bef9abc0",
            "association_id": "eipassoc-09a7703536823e2d7",
            "connectivity_type": "public",
            "id": "nat-048aa4a1ef0fcdc98",
            "network_interface_id": "eni-03f21bcff147023d2",
            "private_ip": "10.116.26.156",
            "public_ip": "54.247.103.132",
            "subnet_id": "subnet-057989f1e8dcdb7e4",
            "tags": {
              "Name": "vpc-nat-gateway"
            },
            "tags_all": {
              "Name": "vpc-nat-gateway"
            }
          },
          "sensitive_attributes": [],
          "private": "bnVsbA==",
          "dependencies": [
            "aws_eip.ngw_eip",
            "aws_internet_gateway.igw",
            "aws_vpc.vpc",
            "module.production.module.subnets.module.public.aws_subnet.subnet",
            "module.production.module.subnets.module.public.data.aws_region.current_region"
          ]
        }
      ]
    },
    {
      "mode": "managed",
      "type": "aws_vpc",
      "name": "vpc",
      "provider": "provider[\"registry.terraform.io/hashicorp/aws\"]",
      "instances": [
        {
          "schema_version": 1,
          "attributes": {
            "arn": "arn:aws:ec2:eu-west-1:746669210359:vpc/vpc-08930d10fca9394f7",
            "assign_generated_ipv6_cidr_block": false,
            "cidr_block": "10.116.0.0/16",
            "default_network_acl_id": "acl-03849699c7b9dbece",
            "default_route_table_id": "rtb-0ddc50f095a635b3d",
            "default_security_group_id": "sg-04a59e9bdd5a3da9d",
            "dhcp_options_id": "dopt-0f0979173d9b58092",
            "enable_classiclink": false,
            "enable_classiclink_dns_support": false,
            "enable_dns_hostnames": true,
            "enable_dns_support": true,
            "enable_network_address_usage_metrics": false,
            "id": "vpc-08930d10fca9394f7",
            "instance_tenancy": "default",
            "ipv4_ipam_pool_id": null,
            "ipv4_netmask_length": null,
            "ipv6_association_id": "",
            "ipv6_cidr_block": "",
            "ipv6_cidr_block_network_border_group": "",
            "ipv6_ipam_pool_id": "",
            "ipv6_netmask_length": 0,
            "main_route_table_id": "rtb-0ddc50f095a635b3d",
            "owner_id": "746669210359",
            "tags": {
              "Name": "NSITF Prod VPC"
            },
            "tags_all": {
              "Name": "NSITF Prod VPC"
            }
          },
          "sensitive_attributes": [],
          "private": "eyJzY2hlbWFfdmVyc2lvbiI6IjEifQ=="
        }
      ]
    },
    {
      "module": "module.backend",
      "mode": "managed",
      "type": "aws_dynamodb_table",
      "name": "tf_remote_state_locking",
      "provider": "provider[\"registry.terraform.io/hashicorp/aws\"]",
      "instances": [
        {
          "schema_version": 1,
          "attributes": {
            "arn": "arn:aws:dynamodb:eu-west-1:746669210359:table/production-tf-state-lock",
            "attribute": [
              {
                "name": "LockID",
                "type": "S"
              }
            ],
            "billing_mode": "PAY_PER_REQUEST",
            "deletion_protection_enabled": false,
            "global_secondary_index": [],
            "hash_key": "LockID",
            "id": "production-tf-state-lock",
            "local_secondary_index": [],
            "name": "production-tf-state-lock",
            "point_in_time_recovery": [
              {
                "enabled": true
              }
            ],
            "range_key": null,
            "read_capacity": 0,
            "replica": [],
            "restore_date_time": null,
            "restore_source_name": null,
            "restore_to_latest_time": null,
            "server_side_encryption": [],
            "stream_arn": "",
            "stream_enabled": false,
            "stream_label": "",
            "stream_view_type": "",
            "table_class": "STANDARD",
            "tags": {
              "Environment": "production"
            },
            "tags_all": {
              "Environment": "production"
            },
            "timeouts": null,
            "ttl": [
              {
                "attribute_name": "",
                "enabled": false
              }
            ],
            "write_capacity": 0
          },
          "sensitive_attributes": [],
          "private": "eyJlMmJmYjczMC1lY2FhLTExZTYtOGY4OC0zNDM2M2JjN2M0YzAiOnsiY3JlYXRlIjoxODAwMDAwMDAwMDAwLCJkZWxldGUiOjYwMDAwMDAwMDAwMCwidXBkYXRlIjozNjAwMDAwMDAwMDAwfSwic2NoZW1hX3ZlcnNpb24iOiIxIn0="
        }
      ]
    },
    {
      "module": "module.backend",
      "mode": "managed",
      "type": "aws_s3_bucket",
      "name": "backend_bucket",
      "provider": "provider[\"registry.terraform.io/hashicorp/aws\"]",
      "instances": [
        {
          "schema_version": 0,
          "attributes": {
            "acceleration_status": "",
            "acl": null,
            "arn": "arn:aws:s3:::ensitf-terraform-statefile",
            "bucket": "ensitf-terraform-statefile",
            "bucket_domain_name": "ensitf-terraform-statefile.s3.amazonaws.com",
            "bucket_prefix": "",
            "bucket_regional_domain_name": "ensitf-terraform-statefile.s3.eu-west-1.amazonaws.com",
            "cors_rule": [],
            "force_destroy": false,
            "grant": [
              {
                "id": "d374a85bb28b39413978a74e027f73d825f48c1113c24ce283f2ae33bbe049d2",
                "permissions": [
                  "FULL_CONTROL"
                ],
                "type": "CanonicalUser",
                "uri": ""
              }
            ],
            "hosted_zone_id": "Z1BKCTXD74EZPE",
            "id": "ensitf-terraform-statefile",
            "lifecycle_rule": [],
            "logging": [],
            "object_lock_configuration": [],
            "object_lock_enabled": false,
            "policy": "",
            "region": "eu-west-1",
            "replication_configuration": [],
            "request_payer": "BucketOwner",
            "server_side_encryption_configuration": [
              {
                "rule": [
                  {
                    "apply_server_side_encryption_by_default": [
                      {
                        "kms_master_key_id": "",
                        "sse_algorithm": "AES256"
                      }
                    ],
                    "bucket_key_enabled": false
                  }
                ]
              }
            ],
            "tags": {
              "Environment": "production"
            },
            "tags_all": {
              "Environment": "production"
            },
            "timeouts": null,
            "versioning": [
              {
                "enabled": false,
                "mfa_delete": false
              }
            ],
            "website": [],
            "website_domain": null,
            "website_endpoint": null
          },
          "sensitive_attributes": [],
          "private": "eyJlMmJmYjczMC1lY2FhLTExZTYtOGY4OC0zNDM2M2JjN2M0YzAiOnsiY3JlYXRlIjoxMjAwMDAwMDAwMDAwLCJkZWxldGUiOjM2MDAwMDAwMDAwMDAsInJlYWQiOjEyMDAwMDAwMDAwMDAsInVwZGF0ZSI6MTIwMDAwMDAwMDAwMH19"
        }
      ]
    },
    {
      "module": "module.backend",
      "mode": "managed",
      "type": "aws_s3_bucket_public_access_block",
      "name": "this",
      "provider": "provider[\"registry.terraform.io/hashicorp/aws\"]",
      "instances": [
        {
          "schema_version": 0,
          "attributes": {
            "block_public_acls": true,
            "block_public_policy": true,
            "bucket": "ensitf-terraform-statefile",
            "id": "ensitf-terraform-statefile",
            "ignore_public_acls": true,
            "restrict_public_buckets": true
          },
          "sensitive_attributes": [],
          "private": "bnVsbA==",
          "dependencies": [
            "module.backend.aws_s3_bucket.backend_bucket"
          ]
        }
      ]
    },
    {
      "module": "module.backend",
      "mode": "managed",
      "type": "aws_s3_bucket_server_side_encryption_configuration",
      "name": "this",
      "provider": "provider[\"registry.terraform.io/hashicorp/aws\"]",
      "instances": [
        {
          "schema_version": 0,
          "attributes": {
            "bucket": "ensitf-terraform-statefile",
            "expected_bucket_owner": "",
            "id": "ensitf-terraform-statefile",
            "rule": [
              {
                "apply_server_side_encryption_by_default": [
                  {
                    "kms_master_key_id": "",
                    "sse_algorithm": "AES256"
                  }
                ],
                "bucket_key_enabled": null
              }
            ]
          },
          "sensitive_attributes": [],
          "private": "bnVsbA==",
          "dependencies": [
            "module.backend.aws_s3_bucket.backend_bucket"
          ]
        }
      ]
    },
    {
      "module": "module.backend",
      "mode": "managed",
      "type": "aws_s3_bucket_versioning",
      "name": "this",
      "provider": "provider[\"registry.terraform.io/hashicorp/aws\"]",
      "instances": [
        {
          "schema_version": 0,
          "attributes": {
            "bucket": "ensitf-terraform-statefile",
            "expected_bucket_owner": "",
            "id": "ensitf-terraform-statefile",
            "mfa": null,
            "versioning_configuration": [
              {
                "mfa_delete": "",
                "status": "Enabled"
              }
            ]
          },
          "sensitive_attributes": [],
          "private": "bnVsbA==",
          "dependencies": [
            "module.backend.aws_s3_bucket.backend_bucket"
          ]
        }
      ]
    },
    {
      "module": "module.ecr",
      "mode": "managed",
      "type": "aws_ecr_repository",
      "name": "ecr",
      "provider": "provider[\"registry.terraform.io/hashicorp/aws\"]",
      "instances": [
        {
          "index_key": "ebs",
          "schema_version": 0,
          "attributes": {
            "arn": "arn:aws:ecr:eu-west-1:746669210359:repository/ebs",
            "encryption_configuration": [
              {
                "encryption_type": "AES256",
                "kms_key": ""
              }
            ],
            "force_delete": null,
            "id": "ebs",
            "image_scanning_configuration": [
              {
                "scan_on_push": true
              }
            ],
            "image_tag_mutability": "MUTABLE",
            "name": "ebs",
            "registry_id": "746669210359",
            "repository_url": "746669210359.dkr.ecr.eu-west-1.amazonaws.com/ebs",
            "tags": {
              "Environment": "staging",
              "Name": "ebs-staging"
            },
            "tags_all": {
              "Environment": "staging",
              "Name": "ebs-staging"
            },
            "timeouts": null
          },
          "sensitive_attributes": [],
          "private": "eyJlMmJmYjczMC1lY2FhLTExZTYtOGY4OC0zNDM2M2JjN2M0YzAiOnsiZGVsZXRlIjoxMjAwMDAwMDAwMDAwfX0="
        },
        {
          "index_key": "essp",
          "schema_version": 0,
          "attributes": {
            "arn": "arn:aws:ecr:eu-west-1:746669210359:repository/essp",
            "encryption_configuration": [
              {
                "encryption_type": "AES256",
                "kms_key": ""
              }
            ],
            "force_delete": null,
            "id": "essp",
            "image_scanning_configuration": [
              {
                "scan_on_push": true
              }
            ],
            "image_tag_mutability": "MUTABLE",
            "name": "essp",
            "registry_id": "746669210359",
            "repository_url": "746669210359.dkr.ecr.eu-west-1.amazonaws.com/essp",
            "tags": {
              "Environment": "staging",
              "Name": "essp-staging"
            },
            "tags_all": {
              "Environment": "staging",
              "Name": "essp-staging"
            },
            "timeouts": null
          },
          "sensitive_attributes": [],
          "private": "eyJlMmJmYjczMC1lY2FhLTExZTYtOGY4OC0zNDM2M2JjN2M0YzAiOnsiZGVsZXRlIjoxMjAwMDAwMDAwMDAwfX0="
        }
      ]
    },
    {
      "module": "module.ensitf_ng_acm",
      "mode": "data",
      "type": "aws_route53_zone",
      "name": "dns_zone",
      "provider": "provider[\"registry.terraform.io/hashicorp/aws\"]",
      "instances": []
    },
    {
      "module": "module.ensitf_ng_acm",
      "mode": "managed",
      "type": "aws_acm_certificate",
      "name": "cert_dns",
      "provider": "provider[\"registry.terraform.io/hashicorp/aws\"]",
      "instances": [
        {
          "index_key": 0,
          "schema_version": 0,
          "attributes": {
            "arn": "arn:aws:acm:eu-west-1:746669210359:certificate/028f280e-3e8d-4b24-94e8-1e0544ed166a",
            "certificate_authority_arn": "",
            "certificate_body": null,
            "certificate_chain": null,
            "domain_name": "ensitf.ng",
            "domain_validation_options": [
              {
                "domain_name": "*.ensitf.ng",
                "resource_record_name": "_0b7379eb52215e69830fffedbfd97c93.ensitf.ng.",
                "resource_record_type": "CNAME",
                "resource_record_value": "_eb34fcbffb629b8f76a826e96dd72576.djqtsrsxkq.acm-validations.aws."
              },
              {
                "domain_name": "ensitf.ng",
                "resource_record_name": "_0b7379eb52215e69830fffedbfd97c93.ensitf.ng.",
                "resource_record_type": "CNAME",
                "resource_record_value": "_eb34fcbffb629b8f76a826e96dd72576.djqtsrsxkq.acm-validations.aws."
              }
            ],
            "early_renewal_duration": "",
            "id": "arn:aws:acm:eu-west-1:746669210359:certificate/028f280e-3e8d-4b24-94e8-1e0544ed166a",
            "key_algorithm": "RSA_2048",
            "not_after": "",
            "not_before": "",
            "options": [
              {
                "certificate_transparency_logging_preference": "ENABLED"
              }
            ],
            "pending_renewal": false,
            "private_key": null,
            "renewal_eligibility": "INELIGIBLE",
            "renewal_summary": [],
            "status": "PENDING_VALIDATION",
            "subject_alternative_names": [
              "*.ensitf.ng",
              "ensitf.ng"
            ],
            "tags": {
              "Envrironment": "dev",
              "HostedZone": "ensitf.ng"
            },
            "tags_all": {
              "Envrironment": "dev",
              "HostedZone": "ensitf.ng"
            },
            "type": "AMAZON_ISSUED",
            "validation_emails": [],
            "validation_method": "DNS",
            "validation_option": []
          },
          "sensitive_attributes": [
            [
              {
                "type": "get_attr",
                "value": "private_key"
              }
            ]
          ],
          "private": "bnVsbA==",
          "dependencies": [
            "module.ensitf_ng_dns.aws_route53_zone.hosted_zone"
          ]
        }
      ]
    },
    {
      "module": "module.ensitf_ng_dns",
      "mode": "managed",
      "type": "aws_route53_zone",
      "name": "hosted_zone",
      "provider": "provider[\"registry.terraform.io/hashicorp/aws\"]",
      "instances": [
        {
          "schema_version": 0,
          "attributes": {
            "arn": "arn:aws:route53:::hostedzone/Z04439391ER53ZAZG4LNI",
            "comment": "Managed by Terraform",
            "delegation_set_id": "",
            "force_destroy": false,
            "id": "Z04439391ER53ZAZG4LNI",
            "name": "ensitf.ng",
            "name_servers": [
              "ns-1239.awsdns-26.org",
              "ns-2005.awsdns-58.co.uk",
              "ns-474.awsdns-59.com",
              "ns-845.awsdns-41.net"
            ],
            "primary_name_server": "ns-2005.awsdns-58.co.uk",
            "tags": {
              "Environment": "staging"
            },
            "tags_all": {
              "Environment": "staging"
            },
            "vpc": [],
            "zone_id": "Z04439391ER53ZAZG4LNI"
          },
          "sensitive_attributes": [],
          "private": "bnVsbA=="
        }
      ]
    },
    {
      "module": "module.production",
      "mode": "managed",
      "type": "aws_db_option_group",
      "name": "production_option_group_mysql_8",
      "provider": "provider[\"registry.terraform.io/hashicorp/aws\"]",
      "instances": [
        {
          "schema_version": 0,
          "attributes": {
            "arn": "arn:aws:rds:eu-west-1:746669210359:og:production-option-group-mysql-8",
            "engine_name": "mysql",
            "id": "production-option-group-mysql-8",
            "major_engine_version": "8.0",
            "name": "production-option-group-mysql-8",
            "name_prefix": null,
            "option": [],
            "option_group_description": "production-option-group-mysql-8",
            "tags": {
              "Environment": "production"
            },
            "tags_all": {
              "Environment": "production"
            },
            "timeouts": null
          },
          "sensitive_attributes": [],
          "private": "eyJlMmJmYjczMC1lY2FhLTExZTYtOGY4OC0zNDM2M2JjN2M0YzAiOnsiZGVsZXRlIjo5MDAwMDAwMDAwMDB9fQ==",
          "dependencies": [
            "aws_vpc.vpc"
          ]
        }
      ]
    },
    {
      "module": "module.production",
      "mode": "managed",
      "type": "aws_db_parameter_group",
      "name": "production_parameter_group_mysql_8",
      "provider": "provider[\"registry.terraform.io/hashicorp/aws\"]",
      "instances": [
        {
          "schema_version": 0,
          "attributes": {
            "arn": "arn:aws:rds:eu-west-1:746669210359:pg:production-parameter-group-mysql-8",
            "description": "production-parameter-group-mysql-8",
            "family": "mysql8.0",
            "id": "production-parameter-group-mysql-8",
            "name": "production-parameter-group-mysql-8",
            "name_prefix": null,
            "parameter": [],
            "tags": {
              "Environment": "production"
            },
            "tags_all": {
              "Environment": "production"
            }
          },
          "sensitive_attributes": [],
          "private": "bnVsbA==",
          "dependencies": [
            "aws_vpc.vpc"
          ]
        }
      ]
    },
    {
      "module": "module.production",
      "mode": "managed",
      "type": "aws_db_subnet_group",
      "name": "production_public_subnet_group",
      "provider": "provider[\"registry.terraform.io/hashicorp/aws\"]",
      "instances": [
        {
          "schema_version": 0,
          "attributes": {
            "arn": "arn:aws:rds:eu-west-1:746669210359:subgrp:production-public-subnet-group",
            "description": "production-public-subnet-group",
            "id": "production-public-subnet-group",
            "name": "production-public-subnet-group",
            "name_prefix": "",
            "subnet_ids": [
              "subnet-057989f1e8dcdb7e4",
              "subnet-0878df2a2a89984d9"
            ],
            "supported_network_types": [
              "IPV4"
            ],
            "tags": {
              "Environment": "production"
            },
            "tags_all": {
              "Environment": "production"
            },
            "vpc_id": "vpc-08930d10fca9394f7"
          },
          "sensitive_attributes": [],
          "private": "bnVsbA==",
          "dependencies": [
            "aws_vpc.vpc",
            "module.production.module.subnets.module.public.aws_subnet.subnet",
            "module.production.module.subnets.module.public.data.aws_region.current_region"
          ]
        }
      ]
    },
    {
      "module": "module.production",
      "mode": "managed",
      "type": "aws_db_subnet_group",
      "name": "production_subnet_group",
      "provider": "provider[\"registry.terraform.io/hashicorp/aws\"]",
      "instances": [
        {
          "schema_version": 0,
          "attributes": {
            "arn": "arn:aws:rds:eu-west-1:746669210359:subgrp:production-subnet-group",
            "description": "production-subnet-group",
            "id": "production-subnet-group",
            "name": "production-subnet-group",
            "name_prefix": "",
            "subnet_ids": [
              "subnet-00c7b3fb8acb6c76c",
              "subnet-012bc53c619d92744"
            ],
            "supported_network_types": [
              "IPV4"
            ],
            "tags": {
              "Environment": "production"
            },
            "tags_all": {
              "Environment": "production"
            },
            "vpc_id": "vpc-08930d10fca9394f7"
          },
          "sensitive_attributes": [],
          "private": "bnVsbA==",
          "dependencies": [
            "aws_vpc.vpc",
            "module.production.module.subnets.module.private.aws_subnet.subnet",
            "module.production.module.subnets.module.private.data.aws_region.current_region"
          ]
        }
      ]
    },
    {
      "module": "module.production.module.cv_backend_production_db",
      "mode": "managed",
      "type": "aws_db_instance",
      "name": "db_instance",
      "provider": "provider[\"registry.terraform.io/hashicorp/aws\"]",
      "instances": [
        {
          "schema_version": 1,
          "attributes": {
            "address": "ensitf-production-db.ct6ekoycyk4r.eu-west-1.rds.amazonaws.com",
            "allocated_storage": 20,
            "allow_major_version_upgrade": false,
            "apply_immediately": true,
            "arn": "arn:aws:rds:eu-west-1:746669210359:db:ensitf-production-db",
            "auto_minor_version_upgrade": true,
            "availability_zone": "eu-west-1b",
            "backup_retention_period": 7,
            "backup_window": "04:28-04:58",
            "blue_green_update": [],
            "ca_cert_identifier": "rds-ca-rsa2048-g1",
            "character_set_name": "",
            "copy_tags_to_snapshot": true,
            "custom_iam_instance_profile": "",
            "customer_owned_ip_enabled": false,
            "db_name": "ensitf_production",
            "db_subnet_group_name": "production-public-subnet-group",
            "delete_automated_backups": true,
            "deletion_protection": true,
            "domain": "",
            "domain_iam_role_name": "",
            "enabled_cloudwatch_logs_exports": [
              "audit",
              "error",
              "general",
              "slowquery"
            ],
            "endpoint": "ensitf-production-db.ct6ekoycyk4r.eu-west-1.rds.amazonaws.com:3306",
            "engine": "mysql",
            "engine_version": "8.0.35",
            "engine_version_actual": "8.0.35",
            "final_snapshot_identifier": null,
            "hosted_zone_id": "Z29XKXDKYMONMX",
            "iam_database_authentication_enabled": false,
            "id": "ensitf-production-db",
            "identifier": "ensitf-production-db",
            "identifier_prefix": "",
            "instance_class": "db.t3.micro",
            "iops": 3000,
            "kms_key_id": "arn:aws:kms:eu-west-1:746669210359:key/608b1a2b-6ce0-4d55-84e6-658c9f661e2d",
            "latest_restorable_time": "2024-08-30T13:43:08Z",
            "license_model": "general-public-license",
            "listener_endpoint": [],
            "maintenance_window": "sun:00:00-sun:03:00",
            "manage_master_user_password": null,
            "master_user_secret": [],
            "master_user_secret_kms_key_id": null,
            "max_allocated_storage": 1000,
            "monitoring_interval": 0,
            "monitoring_role_arn": "",
            "multi_az": false,
            "name": "ensitf_production",
            "nchar_character_set_name": "",
            "network_type": "IPV4",
            "option_group_name": "default:mysql-8-0",
            "parameter_group_name": "production-parameter-group-mysql-8",
            "password": "Z$fGea29b-b1dEA2",
            "performance_insights_enabled": false,
            "performance_insights_kms_key_id": "",
            "performance_insights_retention_period": 0,
            "port": 3306,
            "publicly_accessible": true,
            "replica_mode": "",
            "replicas": [],
            "replicate_source_db": "",
            "resource_id": "db-AONRX22BMQID2DGJISYSA5J47U",
            "restore_to_point_in_time": [],
            "s3_import": [],
            "security_group_names": null,
            "skip_final_snapshot": true,
            "snapshot_identifier": null,
            "status": "available",
            "storage_encrypted": true,
            "storage_throughput": 125,
            "storage_type": "gp3",
            "tags": null,
            "tags_all": {},
            "timeouts": null,
            "timezone": "",
            "username": "ensitf_admin",
            "vpc_security_group_ids": [
              "sg-085a19fb80159afe0"
            ]
          },
          "sensitive_attributes": [
            [
              {
                "type": "get_attr",
                "value": "password"
              }
            ]
          ],
          "private": "eyJlMmJmYjczMC1lY2FhLTExZTYtOGY4OC0zNDM2M2JjN2M0YzAiOnsiY3JlYXRlIjoyNDAwMDAwMDAwMDAwLCJkZWxldGUiOjM2MDAwMDAwMDAwMDAsInVwZGF0ZSI6NDgwMDAwMDAwMDAwMH0sInNjaGVtYV92ZXJzaW9uIjoiMSJ9",
          "dependencies": [
            "aws_vpc.vpc",
            "module.production.aws_db_parameter_group.production_parameter_group_mysql_8",
            "module.production.aws_db_subnet_group.production_public_subnet_group",
            "module.production.module.cv_backend_production_db.random_password.db_password",
            "module.production.module.ensitf_production_db_sg.aws_security_group.sg",
            "module.production.module.subnets.module.public.aws_subnet.subnet",
            "module.production.module.subnets.module.public.data.aws_region.current_region"
          ]
        }
      ]
    },
    {
      "module": "module.production.module.cv_backend_production_db",
      "mode": "managed",
      "type": "aws_ssm_parameter",
      "name": "db_password",
      "provider": "provider[\"registry.terraform.io/hashicorp/aws\"]",
      "instances": [
        {
          "index_key": 0,
          "schema_version": 0,
          "attributes": {
            "allowed_pattern": "",
            "arn": "arn:aws:ssm:eu-west-1:746669210359:parameter/staging/ensitf-prod/db_password",
            "data_type": "text",
            "description": "ensitf-prod db password",
            "id": "/staging/ensitf-prod/db_password",
            "insecure_value": null,
            "key_id": "alias/aws/ssm",
            "name": "/staging/ensitf-prod/db_password",
            "overwrite": null,
            "tags": {
              "Environment": "staging"
            },
            "tags_all": {
              "Environment": "staging"
            },
            "tier": "Standard",
            "type": "SecureString",
            "value": "Z$fGea29b-b1dEA2",
            "version": 1
          },
          "sensitive_attributes": [
            [
              {
                "type": "get_attr",
                "value": "value"
              }
            ]
          ],
          "private": "bnVsbA==",
          "dependencies": [
            "aws_vpc.vpc",
            "module.production.module.cv_backend_production_db.random_password.db_password"
          ]
        }
      ]
    },
    {
      "module": "module.production.module.cv_backend_production_db",
      "mode": "managed",
      "type": "random_password",
      "name": "db_password",
      "provider": "provider[\"registry.terraform.io/hashicorp/random\"]",
      "instances": [
        {
          "index_key": 0,
          "schema_version": 3,
          "attributes": {
            "bcrypt_hash": "$2a$10$LTs/c6vqtkk0vkl1QgeXe.kjHNBRbsLjZ5RdkFYaiiygo4VRyuTCO",
            "id": "none",
            "keepers": null,
            "length": 16,
            "lower": true,
            "min_lower": 0,
            "min_numeric": 0,
            "min_special": 0,
            "min_upper": 0,
            "number": true,
            "numeric": true,
            "override_special": "!#$%\u0026*()-_=+[]{}\u003c\u003e:?",
            "result": "Z$fGea29b-b1dEA2",
            "special": true,
            "upper": true
          },
          "sensitive_attributes": [
            [
              {
                "type": "get_attr",
                "value": "result"
              }
            ],
            [
              {
                "type": "get_attr",
                "value": "bcrypt_hash"
              }
            ]
          ],
          "dependencies": [
            "aws_vpc.vpc"
          ]
        }
      ]
    },
    {
      "module": "module.production.module.ec2.module.prod_services",
      "mode": "managed",
      "type": "aws_lb",
      "name": "lb",
      "provider": "provider[\"registry.terraform.io/hashicorp/aws\"]",
      "instances": [
        {
          "index_key": 0,
          "schema_version": 0,
          "attributes": {
            "access_logs": [
              {
                "bucket": "",
                "enabled": false,
                "prefix": ""
              }
            ],
            "arn": "arn:aws:elasticloadbalancing:eu-west-1:746669210359:loadbalancer/app/prod-services-lb/c21198d9d6e97fa9",
            "arn_suffix": "app/prod-services-lb/c21198d9d6e97fa9",
            "customer_owned_ipv4_pool": "",
            "desync_mitigation_mode": "defensive",
            "dns_name": "prod-services-lb-190146198.eu-west-1.elb.amazonaws.com",
            "drop_invalid_header_fields": true,
            "enable_cross_zone_load_balancing": true,
            "enable_deletion_protection": false,
            "enable_http2": true,
            "enable_tls_version_and_cipher_suite_headers": false,
            "enable_waf_fail_open": false,
            "enable_xff_client_port": false,
            "id": "arn:aws:elasticloadbalancing:eu-west-1:746669210359:loadbalancer/app/prod-services-lb/c21198d9d6e97fa9",
            "idle_timeout": 60,
            "internal": false,
            "ip_address_type": "ipv4",
            "load_balancer_type": "application",
            "name": "prod-services-lb",
            "name_prefix": null,
            "preserve_host_header": false,
            "security_groups": [
              "sg-09801f90b32d7ea32"
            ],
            "subnet_mapping": [
              {
                "allocation_id": "",
                "ipv6_address": "",
                "outpost_id": "",
                "private_ipv4_address": "",
                "subnet_id": "subnet-057989f1e8dcdb7e4"
              },
              {
                "allocation_id": "",
                "ipv6_address": "",
                "outpost_id": "",
                "private_ipv4_address": "",
                "subnet_id": "subnet-0878df2a2a89984d9"
              }
            ],
            "subnets": [
              "subnet-057989f1e8dcdb7e4",
              "subnet-0878df2a2a89984d9"
            ],
            "tags": {
              "Environment": "prod"
            },
            "tags_all": {
              "Environment": "prod"
            },
            "timeouts": null,
            "vpc_id": "vpc-08930d10fca9394f7",
            "xff_header_processing_mode": "append",
            "zone_id": "Z32O12XQLNTSW2"
          },
          "sensitive_attributes": [],
          "private": "eyJlMmJmYjczMC1lY2FhLTExZTYtOGY4OC0zNDM2M2JjN2M0YzAiOnsiY3JlYXRlIjo2MDAwMDAwMDAwMDAsImRlbGV0ZSI6NjAwMDAwMDAwMDAwLCJ1cGRhdGUiOjYwMDAwMDAwMDAwMH19",
          "dependencies": [
            "aws_eip.ngw_eip",
            "aws_internet_gateway.igw",
            "aws_nat_gateway.ngw",
            "aws_vpc.vpc",
            "module.production.module.ec2.module.prod_services.module.lb_security_group.aws_security_group.sg",
            "module.production.module.subnets.module.private.aws_subnet.subnet",
            "module.production.module.subnets.module.private.data.aws_region.current_region",
            "module.production.module.subnets.module.private_rt.aws_route.ipv4_route",
            "module.production.module.subnets.module.private_rt.aws_route_table.route_table",
            "module.production.module.subnets.module.private_rt.aws_route_table_association.subnets",
            "module.production.module.subnets.module.public.aws_subnet.subnet",
            "module.production.module.subnets.module.public.data.aws_region.current_region",
            "module.production.module.subnets.module.public_rt.aws_route.ipv4_route",
            "module.production.module.subnets.module.public_rt.aws_route_table.route_table",
            "module.production.module.subnets.module.public_rt.aws_route_table_association.subnets"
          ]
        }
      ]
    },
    {
      "module": "module.production.module.ec2.module.prod_services",
      "mode": "managed",
      "type": "aws_lb_listener",
      "name": "lb_listener",
      "provider": "provider[\"registry.terraform.io/hashicorp/aws\"]",
      "instances": [
        {
          "index_key": 0,
          "schema_version": 0,
          "attributes": {
            "alpn_policy": null,
            "arn": "arn:aws:elasticloadbalancing:eu-west-1:746669210359:listener/app/prod-services-lb/c21198d9d6e97fa9/b3227d4434501aaa",
            "certificate_arn": null,
            "default_action": [
              {
                "authenticate_cognito": [],
                "authenticate_oidc": [],
                "fixed_response": [],
                "forward": [],
                "order": 1,
                "redirect": [
                  {
                    "host": "#{host}",
                    "path": "/#{path}",
                    "port": "443",
                    "protocol": "HTTPS",
                    "query": "#{query}",
                    "status_code": "HTTP_301"
                  }
                ],
                "target_group_arn": "",
                "type": "redirect"
              }
            ],
            "id": "arn:aws:elasticloadbalancing:eu-west-1:746669210359:listener/app/prod-services-lb/c21198d9d6e97fa9/b3227d4434501aaa",
            "load_balancer_arn": "arn:aws:elasticloadbalancing:eu-west-1:746669210359:loadbalancer/app/prod-services-lb/c21198d9d6e97fa9",
            "port": 80,
            "protocol": "HTTP",
            "ssl_policy": "",
            "tags": {
              "Environment": "prod"
            },
            "tags_all": {
              "Environment": "prod"
            },
            "timeouts": null
          },
          "sensitive_attributes": [],
          "private": "eyJlMmJmYjczMC1lY2FhLTExZTYtOGY4OC0zNDM2M2JjN2M0YzAiOnsicmVhZCI6NjAwMDAwMDAwMDAwfX0=",
          "dependencies": [
            "aws_eip.ngw_eip",
            "aws_internet_gateway.igw",
            "aws_nat_gateway.ngw",
            "aws_vpc.vpc",
            "module.production.module.ec2.module.prod_services.aws_lb.lb",
            "module.production.module.ec2.module.prod_services.module.lb_security_group.aws_security_group.sg",
            "module.production.module.subnets.module.private.aws_subnet.subnet",
            "module.production.module.subnets.module.private.data.aws_region.current_region",
            "module.production.module.subnets.module.private_rt.aws_route.ipv4_route",
            "module.production.module.subnets.module.private_rt.aws_route_table.route_table",
            "module.production.module.subnets.module.private_rt.aws_route_table_association.subnets",
            "module.production.module.subnets.module.public.aws_subnet.subnet",
            "module.production.module.subnets.module.public.data.aws_region.current_region",
            "module.production.module.subnets.module.public_rt.aws_route.ipv4_route",
            "module.production.module.subnets.module.public_rt.aws_route_table.route_table",
            "module.production.module.subnets.module.public_rt.aws_route_table_association.subnets"
          ]
        }
      ]
    },
    {
      "module": "module.production.module.ec2.module.prod_services.module.lb_security_group[0]",
      "mode": "managed",
      "type": "aws_security_group",
      "name": "sg",
      "provider": "provider[\"registry.terraform.io/hashicorp/aws\"]",
      "instances": [
        {
          "schema_version": 1,
          "attributes": {
            "arn": "arn:aws:ec2:eu-west-1:746669210359:security-group/sg-09801f90b32d7ea32",
            "description": "Allow public web traffic on HTTP/HTTPS to ECS Dev Frontend Web App",
            "egress": [
              {
                "cidr_blocks": [
                  "0.0.0.0/0"
                ],
                "description": "",
                "from_port": 0,
                "ipv6_cidr_blocks": [],
                "prefix_list_ids": [],
                "protocol": "-1",
                "security_groups": [],
                "self": false,
                "to_port": 0
              }
            ],
            "id": "sg-09801f90b32d7ea32",
            "ingress": [
              {
                "cidr_blocks": [
                  "0.0.0.0/0"
                ],
                "description": "Allow http traffic from internet",
                "from_port": 80,
                "ipv6_cidr_blocks": [],
                "prefix_list_ids": [],
                "protocol": "tcp",
                "security_groups": [],
                "self": false,
                "to_port": 80
              },
              {
                "cidr_blocks": [
                  "0.0.0.0/0"
                ],
                "description": "Allow traffic from internet",
                "from_port": 443,
                "ipv6_cidr_blocks": [],
                "prefix_list_ids": [],
                "protocol": "tcp",
                "security_groups": [],
                "self": false,
                "to_port": 443
              }
            ],
            "name": "prod-services-lb-sg",
            "name_prefix": "",
            "owner_id": "746669210359",
            "revoke_rules_on_delete": false,
            "tags": {
              "Environment": "prod",
              "Name": "prod-services-lb-sg"
            },
            "tags_all": {
              "Environment": "prod",
              "Name": "prod-services-lb-sg"
            },
            "timeouts": null,
            "vpc_id": "vpc-08930d10fca9394f7"
          },
          "sensitive_attributes": [],
          "private": "eyJlMmJmYjczMC1lY2FhLTExZTYtOGY4OC0zNDM2M2JjN2M0YzAiOnsiY3JlYXRlIjo2MDAwMDAwMDAwMDAsImRlbGV0ZSI6OTAwMDAwMDAwMDAwfSwic2NoZW1hX3ZlcnNpb24iOiIxIn0=",
          "dependencies": [
            "aws_eip.ngw_eip",
            "aws_internet_gateway.igw",
            "aws_nat_gateway.ngw",
            "aws_vpc.vpc",
            "module.production.module.subnets.module.private.aws_subnet.subnet",
            "module.production.module.subnets.module.private.data.aws_region.current_region",
            "module.production.module.subnets.module.private_rt.aws_route.ipv4_route",
            "module.production.module.subnets.module.private_rt.aws_route_table.route_table",
            "module.production.module.subnets.module.private_rt.aws_route_table_association.subnets",
            "module.production.module.subnets.module.public.aws_subnet.subnet",
            "module.production.module.subnets.module.public.data.aws_region.current_region",
            "module.production.module.subnets.module.public_rt.aws_route.ipv4_route",
            "module.production.module.subnets.module.public_rt.aws_route_table.route_table",
            "module.production.module.subnets.module.public_rt.aws_route_table_association.subnets"
          ]
        }
      ]
    },
    {
      "module": "module.production.module.ecs",
      "mode": "data",
      "type": "aws_region",
      "name": "current_region",
      "provider": "provider[\"registry.terraform.io/hashicorp/aws\"]",
      "instances": [
        {
          "schema_version": 0,
          "attributes": {
            "description": "Europe (Ireland)",
            "endpoint": "ec2.eu-west-1.amazonaws.com",
            "id": "eu-west-1",
            "name": "eu-west-1"
          },
          "sensitive_attributes": []
        }
      ]
    },
    {
      "module": "module.production.module.ecs",
      "mode": "managed",
      "type": "aws_ecs_cluster",
      "name": "cluster1",
      "provider": "provider[\"registry.terraform.io/hashicorp/aws\"]",
      "instances": [
        {
          "schema_version": 0,
          "attributes": {
            "arn": "arn:aws:ecs:eu-west-1:746669210359:cluster/production-cluster",
            "capacity_providers": [],
            "configuration": [
              {
                "execute_command_configuration": [
                  {
                    "kms_key_id": "",
                    "log_configuration": [],
                    "logging": "DEFAULT"
                  }
                ]
              }
            ],
            "default_capacity_provider_strategy": [],
            "id": "arn:aws:ecs:eu-west-1:746669210359:cluster/production-cluster",
            "name": "production-cluster",
            "service_connect_defaults": [],
            "setting": [
              {
                "name": "containerInsights",
                "value": "disabled"
              }
            ],
            "tags": {
              "Environment": "production"
            },
            "tags_all": {
              "Environment": "production"
            }
          },
          "sensitive_attributes": [],
          "private": "bnVsbA==",
          "dependencies": [
            "aws_vpc.vpc"
          ]
        }
      ]
    },
    {
      "module": "module.production.module.ecs.module.ensitf_express_sg",
      "mode": "managed",
      "type": "aws_security_group",
      "name": "sg",
      "provider": "provider[\"registry.terraform.io/hashicorp/aws\"]",
      "instances": [
        {
          "schema_version": 1,
          "attributes": {
            "arn": "arn:aws:ec2:eu-west-1:746669210359:security-group/sg-0a73a5526bc120b8e",
            "description": "managed with terraform",
            "egress": [
              {
                "cidr_blocks": [
                  "0.0.0.0/0"
                ],
                "description": "",
                "from_port": 0,
                "ipv6_cidr_blocks": [],
                "prefix_list_ids": [],
                "protocol": "-1",
                "security_groups": [],
                "self": false,
                "to_port": 0
              }
            ],
            "id": "sg-0a73a5526bc120b8e",
            "ingress": [
              {
                "cidr_blocks": [
                  "10.116.0.0/16"
                ],
                "description": "Allow connections from local",
                "from_port": 443,
                "ipv6_cidr_blocks": [],
                "prefix_list_ids": [],
                "protocol": "tcp",
                "security_groups": [],
                "self": false,
                "to_port": 443
              }
            ],
            "name": "ensitf-express-production-sg",
            "name_prefix": "",
            "owner_id": "746669210359",
            "revoke_rules_on_delete": false,
            "tags": {
              "Environment": "dev",
              "Name": "ensitf-express-production-sg"
            },
            "tags_all": {
              "Environment": "dev",
              "Name": "ensitf-express-production-sg"
            },
            "timeouts": null,
            "vpc_id": "vpc-08930d10fca9394f7"
          },
          "sensitive_attributes": [],
          "private": "eyJlMmJmYjczMC1lY2FhLTExZTYtOGY4OC0zNDM2M2JjN2M0YzAiOnsiY3JlYXRlIjo2MDAwMDAwMDAwMDAsImRlbGV0ZSI6OTAwMDAwMDAwMDAwfSwic2NoZW1hX3ZlcnNpb24iOiIxIn0=",
          "dependencies": [
            "aws_vpc.vpc"
          ]
        }
      ]
    },
    {
      "module": "module.production.module.ecs.module.ensitf_express_svc",
      "mode": "data",
      "type": "aws_ecs_task_definition",
      "name": "task_definition_revision",
      "provider": "provider[\"registry.terraform.io/hashicorp/aws\"]",
      "instances": [
        {
          "schema_version": 0,
          "attributes": {
            "arn": "arn:aws:ecs:eu-west-1:746669210359:task-definition/prod-ensitf-express:1",
            "arn_without_revision": "arn:aws:ecs:eu-west-1:746669210359:task-definition/prod-ensitf-express",
            "execution_role_arn": "arn:aws:iam::746669210359:role/prod-ensitf-expressecs-task-execution-role",
            "family": "prod-ensitf-express",
            "id": "arn:aws:ecs:eu-west-1:746669210359:task-definition/prod-ensitf-express:1",
            "network_mode": "awsvpc",
            "revision": 1,
            "status": "ACTIVE",
            "task_definition": "prod-ensitf-express",
            "task_role_arn": "arn:aws:iam::746669210359:role/prod-ensitf-expressecs-task-execution-role"
          },
          "sensitive_attributes": []
        }
      ]
    },
    {
      "module": "module.production.module.ecs.module.ensitf_express_svc",
      "mode": "data",
      "type": "aws_iam_policy_document",
      "name": "ecs_tasks_execution_role",
      "provider": "provider[\"registry.terraform.io/hashicorp/aws\"]",
      "instances": [
        {
          "schema_version": 0,
          "attributes": {
            "id": "320642683",
            "json": "{\n  \"Version\": \"2012-10-17\",\n  \"Statement\": [\n    {\n      \"Sid\": \"\",\n      \"Effect\": \"Allow\",\n      \"Action\": \"sts:AssumeRole\",\n      \"Principal\": {\n        \"Service\": \"ecs-tasks.amazonaws.com\"\n      }\n    }\n  ]\n}",
            "override_json": null,
            "override_policy_documents": null,
            "policy_id": null,
            "source_json": null,
            "source_policy_documents": null,
            "statement": [
              {
                "actions": [
                  "sts:AssumeRole"
                ],
                "condition": [],
                "effect": "Allow",
                "not_actions": [],
                "not_principals": [],
                "not_resources": [],
                "principals": [
                  {
                    "identifiers": [
                      "ecs-tasks.amazonaws.com"
                    ],
                    "type": "Service"
                  }
                ],
                "resources": [],
                "sid": ""
              }
            ],
            "version": "2012-10-17"
          },
          "sensitive_attributes": []
        }
      ]
    },
    {
      "module": "module.production.module.ecs.module.ensitf_express_svc",
      "mode": "data",
      "type": "aws_iam_policy_document",
      "name": "inline_policy",
      "provider": "provider[\"registry.terraform.io/hashicorp/aws\"]",
      "instances": [
        {
          "schema_version": 0,
          "attributes": {
            "id": "784443208",
            "json": "{\n  \"Version\": \"2012-10-17\",\n  \"Statement\": [\n    {\n      \"Sid\": \"\",\n      \"Effect\": \"Allow\",\n      \"Action\": \"*\",\n      \"Resource\": \"*\"\n    }\n  ]\n}",
            "override_json": null,
            "override_policy_documents": null,
            "policy_id": null,
            "source_json": null,
            "source_policy_documents": null,
            "statement": [
              {
                "actions": [
                  "*"
                ],
                "condition": [],
                "effect": "Allow",
                "not_actions": [],
                "not_principals": [],
                "not_resources": [],
                "principals": [],
                "resources": [
                  "*"
                ],
                "sid": ""
              }
            ],
            "version": "2012-10-17"
          },
          "sensitive_attributes": []
        }
      ]
    },
    {
      "module": "module.production.module.ecs.module.ensitf_express_svc",
      "mode": "data",
      "type": "aws_region",
      "name": "current_region",
      "provider": "provider[\"registry.terraform.io/hashicorp/aws\"]",
      "instances": [
        {
          "schema_version": 0,
          "attributes": {
            "description": "Europe (Ireland)",
            "endpoint": "ec2.eu-west-1.amazonaws.com",
            "id": "eu-west-1",
            "name": "eu-west-1"
          },
          "sensitive_attributes": []
        }
      ]
    },
    {
      "module": "module.production.module.ecs.module.ensitf_express_svc",
      "mode": "managed",
      "type": "aws_ecs_task_definition",
      "name": "task_definition",
      "provider": "provider[\"registry.terraform.io/hashicorp/aws\"]",
      "instances": [
        {
          "schema_version": 1,
          "attributes": {
            "arn": "arn:aws:ecs:eu-west-1:746669210359:task-definition/prod-ensitf-express:1",
            "arn_without_revision": "arn:aws:ecs:eu-west-1:746669210359:task-definition/prod-ensitf-express",
            "container_definitions": "[{\"command\":[],\"cpu\":0,\"environment\":[{\"name\":\"APP_DEBUG\",\"value\":\"False\"},{\"name\":\"APP_ENV\",\"value\":\"production\"},{\"name\":\"APP_NAME\",\"value\":\"ensitf\"},{\"name\":\"APP_URL\",\"value\":\"https://express.eensitf.com.ng\"},{\"name\":\"BROADCAST_DRIVER\",\"value\":\"log\"},{\"name\":\"CACHE_DRIVER\",\"value\":\"file\"},{\"name\":\"CONTAINER_ROLE\",\"value\":\"app\"},{\"name\":\"DB_CONNECTION\",\"value\":\"mysql\"},{\"name\":\"DB_DATABASE\",\"value\":\"ensitf_db\"},{\"name\":\"DB_HOST\",\"value\":\"ensitf-production-db.c1m0sg6uaxcl.eu-west-1.rds.amazonaws.com\"},{\"name\":\"DB_PORT\",\"value\":\"3306\"},{\"name\":\"LOG_CHANNEL\",\"value\":\"stack\"},{\"name\":\"MAIL_ENCRYPTION\",\"value\":\"null\"},{\"name\":\"MAIL_FROM_ADDRESS\",\"value\":\"null\"},{\"name\":\"MAIL_HOST\",\"value\":\"smtp.mailtrap.io\"},{\"name\":\"MAIL_MAILER\",\"value\":\"smtp\"},{\"name\":\"MAIL_PASSWORD\",\"value\":\"null\"},{\"name\":\"MAIL_PORT\",\"value\":\"2525\"},{\"name\":\"MAIL_USERNAME\",\"value\":\"null\"},{\"name\":\"QUEUE_CONNECTION\",\"value\":\"sync\"},{\"name\":\"REDIS_HOST\",\"value\":\"127.0.0.1\"},{\"name\":\"REDIS_PASSWORD\",\"value\":\"null\"},{\"name\":\"REDIS_PORT\",\"value\":\"6379\"},{\"name\":\"SESSION_DRIVER\",\"value\":\"file\"},{\"name\":\"SESSION_LIFETIME\",\"value\":\"120\"}],\"essential\":true,\"image\":\"145023120322.dkr.ecr.eu-west-1.amazonaws.com/ensitf-express:staging\",\"logConfiguration\":{\"logDriver\":\"awslogs\",\"options\":{\"awslogs-create-group\":\"true\",\"awslogs-group\":\"/ecs/staging/prod-ensitf-express\",\"awslogs-region\":\"eu-west-1\",\"awslogs-stream-prefix\":\"ecs\"}},\"mountPoints\":[{\"containerPath\":\"/var/www/laravel/storage\",\"sourceVolume\":\"storage\"}],\"name\":\"prod-ensitf-express\",\"portMappings\":[{\"containerPort\":443,\"hostPort\":443,\"protocol\":\"tcp\"}],\"secrets\":[{\"name\":\"DB_USERNAME\",\"valueFrom\":\"/production/ensitf/mysql_user\"},{\"name\":\"DB_PASSWORD\",\"valueFrom\":\"/production/ensitf/mysql_password\"},{\"name\":\"ALGOLIA_APP_ID\",\"valueFrom\":\"/production/ensitf/algolia_app_id\"},{\"name\":\"ALGOLIA_SECRET\",\"valueFrom\":\"/production/ensitf/algolia_secret\"},{\"name\":\"MIX_PUSHER_APP_CLUSTER\",\"valueFrom\":\"/production/ensitf/mix_pusher_app_cluster\"},{\"name\":\"MIX_PUSHER_APP_KEY\",\"valueFrom\":\"/production/ensitf/mix_pusher_app_key\"},{\"name\":\"MAIL_FROM_NAME\",\"valueFrom\":\"/production/ensitf/mail_from_name\"},{\"name\":\"APP_KEY\",\"valueFrom\":\"/production/ensitf/app_key\"}],\"systemControls\":[],\"volumesFrom\":[]}]",
            "cpu": "256",
            "ephemeral_storage": [],
            "execution_role_arn": "arn:aws:iam::746669210359:role/prod-ensitf-expressecs-task-execution-role",
            "family": "prod-ensitf-express",
            "id": "prod-ensitf-express",
            "inference_accelerator": [],
            "ipc_mode": "",
            "memory": "512",
            "network_mode": "awsvpc",
            "pid_mode": "",
            "placement_constraints": [],
            "proxy_configuration": [],
            "requires_compatibilities": [
              "FARGATE"
            ],
            "revision": 1,
            "runtime_platform": [
              {
                "cpu_architecture": "X86_64",
                "operating_system_family": "LINUX"
              }
            ],
            "skip_destroy": false,
            "tags": null,
            "tags_all": {},
            "task_role_arn": "arn:aws:iam::746669210359:role/prod-ensitf-expressecs-task-execution-role",
            "volume": [
              {
                "docker_volume_configuration": [],
                "efs_volume_configuration": [
                  {
                    "authorization_config": [],
                    "file_system_id": "fs-0ae3507481e4a067d",
                    "root_directory": "express-storage/",
                    "transit_encryption": "DISABLED",
                    "transit_encryption_port": null
                  }
                ],
                "fsx_windows_file_server_volume_configuration": [],
                "host_path": "",
                "name": "storage"
              }
            ]
          },
          "sensitive_attributes": [],
          "private": "eyJzY2hlbWFfdmVyc2lvbiI6IjEifQ==",
          "dependencies": [
            "aws_vpc.vpc",
            "module.production.module.ecs.module.ensitf_express_svc.aws_iam_role.ecs_tasks_execution_role",
            "module.production.module.ecs.module.ensitf_express_svc.data.aws_iam_policy_document.ecs_tasks_execution_role",
            "module.production.module.ecs.module.ensitf_express_svc.data.aws_iam_policy_document.inline_policy",
            "module.production.module.ecs.module.ensitf_express_svc.data.aws_region.current_region"
          ]
        }
      ]
    },
    {
      "module": "module.production.module.ecs.module.ensitf_express_svc",
      "mode": "managed",
      "type": "aws_iam_role",
      "name": "ecs_tasks_execution_role",
      "provider": "provider[\"registry.terraform.io/hashicorp/aws\"]",
      "instances": [
        {
          "schema_version": 0,
          "attributes": {
            "arn": "arn:aws:iam::746669210359:role/prod-ensitf-expressecs-task-execution-role",
            "assume_role_policy": "{\"Statement\":[{\"Action\":\"sts:AssumeRole\",\"Effect\":\"Allow\",\"Principal\":{\"Service\":\"ecs-tasks.amazonaws.com\"},\"Sid\":\"\"}],\"Version\":\"2012-10-17\"}",
            "create_date": "2024-08-30T13:34:48Z",
            "description": "",
            "force_detach_policies": false,
            "id": "prod-ensitf-expressecs-task-execution-role",
            "inline_policy": [
              {
                "name": "allow-registry-access",
                "policy": "{\"Version\":\"2012-10-17\",\"Statement\":[{\"Action\":\"*\",\"Effect\":\"Allow\",\"Resource\":\"*\",\"Sid\":\"\"}]}"
              }
            ],
            "managed_policy_arns": [],
            "max_session_duration": 3600,
            "name": "prod-ensitf-expressecs-task-execution-role",
            "name_prefix": "",
            "path": "/",
            "permissions_boundary": null,
            "role_last_used": [
              {
                "last_used_date": "",
                "region": ""
              }
            ],
            "tags": null,
            "tags_all": {},
            "unique_id": "AROA23WHT7L3Y647C7FXY"
          },
          "sensitive_attributes": [],
          "private": "bnVsbA==",
          "dependencies": [
            "aws_vpc.vpc",
            "module.production.module.ecs.module.ensitf_express_svc.data.aws_iam_policy_document.ecs_tasks_execution_role",
            "module.production.module.ecs.module.ensitf_express_svc.data.aws_iam_policy_document.inline_policy"
          ]
        }
      ]
    },
    {
      "module": "module.production.module.ecs.module.ensitf_express_svc",
      "mode": "managed",
      "type": "aws_iam_role_policy_attachment",
      "name": "ecs_tasks_execution_role",
      "provider": "provider[\"registry.terraform.io/hashicorp/aws\"]",
      "instances": [
        {
          "schema_version": 0,
          "attributes": {
            "id": "prod-ensitf-expressecs-task-execution-role-20240830133451688700000002",
            "policy_arn": "arn:aws:iam::aws:policy/service-role/AmazonECSTaskExecutionRolePolicy",
            "role": "prod-ensitf-expressecs-task-execution-role"
          },
          "sensitive_attributes": [],
          "private": "bnVsbA==",
          "dependencies": [
            "aws_vpc.vpc",
            "module.production.module.ecs.module.ensitf_express_svc.aws_iam_role.ecs_tasks_execution_role",
            "module.production.module.ecs.module.ensitf_express_svc.data.aws_iam_policy_document.ecs_tasks_execution_role",
            "module.production.module.ecs.module.ensitf_express_svc.data.aws_iam_policy_document.inline_policy"
          ]
        }
      ]
    },
    {
      "module": "module.production.module.ecs.module.ensitf_express_svc",
      "mode": "managed",
      "type": "aws_lb_target_group",
      "name": "nlb_target_group",
      "provider": "provider[\"registry.terraform.io/hashicorp/aws\"]",
      "instances": []
    },
    {
      "module": "module.production.module.ecs.module.ensitf_express_svc",
      "mode": "managed",
      "type": "aws_lb_target_group",
      "name": "target_group",
      "provider": "provider[\"registry.terraform.io/hashicorp/aws\"]",
      "instances": [
        {
          "index_key": 0,
          "schema_version": 0,
          "attributes": {
            "arn": "arn:aws:elasticloadbalancing:eu-west-1:746669210359:targetgroup/prod-ensitf-express/663fc3b786fe75f7",
            "arn_suffix": "targetgroup/prod-ensitf-express/663fc3b786fe75f7",
            "connection_termination": false,
            "deregistration_delay": "100",
            "health_check": [
              {
                "enabled": true,
                "healthy_threshold": 2,
                "interval": 30,
                "matcher": "200-400",
                "path": "/",
                "port": "traffic-port",
                "protocol": "HTTP",
                "timeout": 10,
                "unhealthy_threshold": 5
              }
            ],
            "id": "arn:aws:elasticloadbalancing:eu-west-1:746669210359:targetgroup/prod-ensitf-express/663fc3b786fe75f7",
            "ip_address_type": "ipv4",
            "lambda_multi_value_headers_enabled": false,
            "load_balancing_algorithm_type": "round_robin",
            "load_balancing_cross_zone_enabled": "use_load_balancer_configuration",
            "name": "prod-ensitf-express",
            "name_prefix": null,
            "port": 443,
            "preserve_client_ip": null,
            "protocol": "HTTPS",
            "protocol_version": "HTTP1",
            "proxy_protocol_v2": false,
            "slow_start": 0,
            "stickiness": [
              {
                "cookie_duration": 86400,
                "cookie_name": "",
                "enabled": true,
                "type": "lb_cookie"
              }
            ],
            "tags": null,
            "tags_all": {},
            "target_failover": [
              {
                "on_deregistration": null,
                "on_unhealthy": null
              }
            ],
            "target_type": "ip",
            "vpc_id": "vpc-08930d10fca9394f7"
          },
          "sensitive_attributes": [],
          "private": "bnVsbA==",
          "dependencies": [
            "aws_vpc.vpc"
          ]
        }
      ]
    },
    {
      "module": "module.production.module.ecs.module.ensitf_express_svc",
      "mode": "managed",
      "type": "aws_service_discovery_service",
      "name": "service_discovery",
      "provider": "provider[\"registry.terraform.io/hashicorp/aws\"]",
      "instances": []
    },
    {
      "module": "module.production.module.ecs.module.ensitf_optima_sg",
      "mode": "managed",
      "type": "aws_security_group",
      "name": "sg",
      "provider": "provider[\"registry.terraform.io/hashicorp/aws\"]",
      "instances": [
        {
          "schema_version": 1,
          "attributes": {
            "arn": "arn:aws:ec2:eu-west-1:746669210359:security-group/sg-00f2c5b775bc08435",
            "description": "managed with terraform",
            "egress": [
              {
                "cidr_blocks": [
                  "0.0.0.0/0"
                ],
                "description": "",
                "from_port": 0,
                "ipv6_cidr_blocks": [],
                "prefix_list_ids": [],
                "protocol": "-1",
                "security_groups": [],
                "self": false,
                "to_port": 0
              }
            ],
            "id": "sg-00f2c5b775bc08435",
            "ingress": [
              {
                "cidr_blocks": [
                  "10.116.0.0/16"
                ],
                "description": "Allow connections from local",
                "from_port": 443,
                "ipv6_cidr_blocks": [],
                "prefix_list_ids": [],
                "protocol": "tcp",
                "security_groups": [],
                "self": false,
                "to_port": 443
              }
            ],
            "name": "ensitf-optima-production-sg",
            "name_prefix": "",
            "owner_id": "746669210359",
            "revoke_rules_on_delete": false,
            "tags": {
              "Environment": "dev",
              "Name": "ensitf-optima-production-sg"
            },
            "tags_all": {
              "Environment": "dev",
              "Name": "ensitf-optima-production-sg"
            },
            "timeouts": null,
            "vpc_id": "vpc-08930d10fca9394f7"
          },
          "sensitive_attributes": [],
          "private": "eyJlMmJmYjczMC1lY2FhLTExZTYtOGY4OC0zNDM2M2JjN2M0YzAiOnsiY3JlYXRlIjo2MDAwMDAwMDAwMDAsImRlbGV0ZSI6OTAwMDAwMDAwMDAwfSwic2NoZW1hX3ZlcnNpb24iOiIxIn0=",
          "dependencies": [
            "aws_vpc.vpc"
          ]
        }
      ]
    },
    {
      "module": "module.production.module.ecs.module.ensitf_optima_svc",
      "mode": "data",
      "type": "aws_ecs_task_definition",
      "name": "task_definition_revision",
      "provider": "provider[\"registry.terraform.io/hashicorp/aws\"]",
      "instances": [
        {
          "schema_version": 0,
          "attributes": {
            "arn": "arn:aws:ecs:eu-west-1:746669210359:task-definition/prod-ensitf-optima:1",
            "arn_without_revision": "arn:aws:ecs:eu-west-1:746669210359:task-definition/prod-ensitf-optima",
            "execution_role_arn": "arn:aws:iam::746669210359:role/prod-ensitf-optimaecs-task-execution-role",
            "family": "prod-ensitf-optima",
            "id": "arn:aws:ecs:eu-west-1:746669210359:task-definition/prod-ensitf-optima:1",
            "network_mode": "awsvpc",
            "revision": 1,
            "status": "ACTIVE",
            "task_definition": "prod-ensitf-optima",
            "task_role_arn": "arn:aws:iam::746669210359:role/prod-ensitf-optimaecs-task-execution-role"
          },
          "sensitive_attributes": []
        }
      ]
    },
    {
      "module": "module.production.module.ecs.module.ensitf_optima_svc",
      "mode": "data",
      "type": "aws_iam_policy_document",
      "name": "ecs_tasks_execution_role",
      "provider": "provider[\"registry.terraform.io/hashicorp/aws\"]",
      "instances": [
        {
          "schema_version": 0,
          "attributes": {
            "id": "320642683",
            "json": "{\n  \"Version\": \"2012-10-17\",\n  \"Statement\": [\n    {\n      \"Sid\": \"\",\n      \"Effect\": \"Allow\",\n      \"Action\": \"sts:AssumeRole\",\n      \"Principal\": {\n        \"Service\": \"ecs-tasks.amazonaws.com\"\n      }\n    }\n  ]\n}",
            "override_json": null,
            "override_policy_documents": null,
            "policy_id": null,
            "source_json": null,
            "source_policy_documents": null,
            "statement": [
              {
                "actions": [
                  "sts:AssumeRole"
                ],
                "condition": [],
                "effect": "Allow",
                "not_actions": [],
                "not_principals": [],
                "not_resources": [],
                "principals": [
                  {
                    "identifiers": [
                      "ecs-tasks.amazonaws.com"
                    ],
                    "type": "Service"
                  }
                ],
                "resources": [],
                "sid": ""
              }
            ],
            "version": "2012-10-17"
          },
          "sensitive_attributes": []
        }
      ]
    },
    {
      "module": "module.production.module.ecs.module.ensitf_optima_svc",
      "mode": "data",
      "type": "aws_iam_policy_document",
      "name": "inline_policy",
      "provider": "provider[\"registry.terraform.io/hashicorp/aws\"]",
      "instances": [
        {
          "schema_version": 0,
          "attributes": {
            "id": "784443208",
            "json": "{\n  \"Version\": \"2012-10-17\",\n  \"Statement\": [\n    {\n      \"Sid\": \"\",\n      \"Effect\": \"Allow\",\n      \"Action\": \"*\",\n      \"Resource\": \"*\"\n    }\n  ]\n}",
            "override_json": null,
            "override_policy_documents": null,
            "policy_id": null,
            "source_json": null,
            "source_policy_documents": null,
            "statement": [
              {
                "actions": [
                  "*"
                ],
                "condition": [],
                "effect": "Allow",
                "not_actions": [],
                "not_principals": [],
                "not_resources": [],
                "principals": [],
                "resources": [
                  "*"
                ],
                "sid": ""
              }
            ],
            "version": "2012-10-17"
          },
          "sensitive_attributes": []
        }
      ]
    },
    {
      "module": "module.production.module.ecs.module.ensitf_optima_svc",
      "mode": "data",
      "type": "aws_region",
      "name": "current_region",
      "provider": "provider[\"registry.terraform.io/hashicorp/aws\"]",
      "instances": [
        {
          "schema_version": 0,
          "attributes": {
            "description": "Europe (Ireland)",
            "endpoint": "ec2.eu-west-1.amazonaws.com",
            "id": "eu-west-1",
            "name": "eu-west-1"
          },
          "sensitive_attributes": []
        }
      ]
    },
    {
      "module": "module.production.module.ecs.module.ensitf_optima_svc",
      "mode": "managed",
      "type": "aws_ecs_task_definition",
      "name": "task_definition",
      "provider": "provider[\"registry.terraform.io/hashicorp/aws\"]",
      "instances": [
        {
          "schema_version": 1,
          "attributes": {
            "arn": "arn:aws:ecs:eu-west-1:746669210359:task-definition/prod-ensitf-optima:1",
            "arn_without_revision": "arn:aws:ecs:eu-west-1:746669210359:task-definition/prod-ensitf-optima",
            "container_definitions": "[{\"command\":[],\"cpu\":0,\"environment\":[{\"name\":\"APP_DEBUG\",\"value\":\"False\"},{\"name\":\"APP_ENV\",\"value\":\"production\"},{\"name\":\"APP_NAME\",\"value\":\"ensitf\"},{\"name\":\"APP_URL\",\"value\":\"https://express.eensitf.com.ng\"},{\"name\":\"BROADCAST_DRIVER\",\"value\":\"log\"},{\"name\":\"CACHE_DRIVER\",\"value\":\"file\"},{\"name\":\"CONTAINER_ROLE\",\"value\":\"app\"},{\"name\":\"DB_CONNECTION\",\"value\":\"mysql\"},{\"name\":\"DB_DATABASE\",\"value\":\"ensitf_db\"},{\"name\":\"DB_HOST\",\"value\":\"ensitf-production-db.c1m0sg6uaxcl.eu-west-1.rds.amazonaws.com\"},{\"name\":\"DB_PORT\",\"value\":\"3306\"},{\"name\":\"LOG_CHANNEL\",\"value\":\"stack\"},{\"name\":\"MAIL_ENCRYPTION\",\"value\":\"null\"},{\"name\":\"MAIL_FROM_ADDRESS\",\"value\":\"null\"},{\"name\":\"MAIL_HOST\",\"value\":\"smtp.mailtrap.io\"},{\"name\":\"MAIL_MAILER\",\"value\":\"smtp\"},{\"name\":\"MAIL_PASSWORD\",\"value\":\"null\"},{\"name\":\"MAIL_PORT\",\"value\":\"2525\"},{\"name\":\"MAIL_USERNAME\",\"value\":\"null\"},{\"name\":\"QUEUE_CONNECTION\",\"value\":\"sync\"},{\"name\":\"REDIS_HOST\",\"value\":\"127.0.0.1\"},{\"name\":\"REDIS_PASSWORD\",\"value\":\"null\"},{\"name\":\"REDIS_PORT\",\"value\":\"6379\"},{\"name\":\"SESSION_DRIVER\",\"value\":\"file\"},{\"name\":\"SESSION_LIFETIME\",\"value\":\"120\"}],\"essential\":true,\"image\":\"145023120322.dkr.ecr.eu-west-1.amazonaws.com/ensitf-optima:staging\",\"logConfiguration\":{\"logDriver\":\"awslogs\",\"options\":{\"awslogs-create-group\":\"true\",\"awslogs-group\":\"/ecs/staging/prod-ensitf-optima\",\"awslogs-region\":\"eu-west-1\",\"awslogs-stream-prefix\":\"ecs\"}},\"mountPoints\":[{\"containerPath\":\"/var/www/laravel/storage\",\"sourceVolume\":\"storage\"}],\"name\":\"prod-ensitf-optima\",\"portMappings\":[{\"containerPort\":443,\"hostPort\":443,\"protocol\":\"tcp\"}],\"secrets\":[{\"name\":\"DB_USERNAME\",\"valueFrom\":\"/production/ensitf/mysql_user\"},{\"name\":\"DB_PASSWORD\",\"valueFrom\":\"/production/ensitf/mysql_password\"},{\"name\":\"ALGOLIA_APP_ID\",\"valueFrom\":\"/production/ensitf/algolia_app_id\"},{\"name\":\"ALGOLIA_SECRET\",\"valueFrom\":\"/production/ensitf/algolia_secret\"},{\"name\":\"MIX_PUSHER_APP_CLUSTER\",\"valueFrom\":\"/production/ensitf/mix_pusher_app_cluster\"},{\"name\":\"MIX_PUSHER_APP_KEY\",\"valueFrom\":\"/production/ensitf/mix_pusher_app_key\"},{\"name\":\"MAIL_FROM_NAME\",\"valueFrom\":\"/production/ensitf/mail_from_name\"},{\"name\":\"APP_KEY\",\"valueFrom\":\"/production/ensitf/app_key\"}],\"systemControls\":[],\"volumesFrom\":[]}]",
            "cpu": "256",
            "ephemeral_storage": [],
            "execution_role_arn": "arn:aws:iam::746669210359:role/prod-ensitf-optimaecs-task-execution-role",
            "family": "prod-ensitf-optima",
            "id": "prod-ensitf-optima",
            "inference_accelerator": [],
            "ipc_mode": "",
            "memory": "512",
            "network_mode": "awsvpc",
            "pid_mode": "",
            "placement_constraints": [],
            "proxy_configuration": [],
            "requires_compatibilities": [
              "FARGATE"
            ],
            "revision": 1,
            "runtime_platform": [
              {
                "cpu_architecture": "X86_64",
                "operating_system_family": "LINUX"
              }
            ],
            "skip_destroy": false,
            "tags": null,
            "tags_all": {},
            "task_role_arn": "arn:aws:iam::746669210359:role/prod-ensitf-optimaecs-task-execution-role",
            "volume": [
              {
                "docker_volume_configuration": [],
                "efs_volume_configuration": [
                  {
                    "authorization_config": [],
                    "file_system_id": "fs-0ae3507481e4a067d",
                    "root_directory": "optima-storage/",
                    "transit_encryption": "DISABLED",
                    "transit_encryption_port": null
                  }
                ],
                "fsx_windows_file_server_volume_configuration": [],
                "host_path": "",
                "name": "storage"
              }
            ]
          },
          "sensitive_attributes": [],
          "private": "eyJzY2hlbWFfdmVyc2lvbiI6IjEifQ==",
          "dependencies": [
            "aws_vpc.vpc",
            "module.production.module.ecs.module.ensitf_optima_svc.aws_iam_role.ecs_tasks_execution_role",
            "module.production.module.ecs.module.ensitf_optima_svc.data.aws_iam_policy_document.ecs_tasks_execution_role",
            "module.production.module.ecs.module.ensitf_optima_svc.data.aws_iam_policy_document.inline_policy",
            "module.production.module.ecs.module.ensitf_optima_svc.data.aws_region.current_region"
          ]
        }
      ]
    },
    {
      "module": "module.production.module.ecs.module.ensitf_optima_svc",
      "mode": "managed",
      "type": "aws_iam_role",
      "name": "ecs_tasks_execution_role",
      "provider": "provider[\"registry.terraform.io/hashicorp/aws\"]",
      "instances": [
        {
          "schema_version": 0,
          "attributes": {
            "arn": "arn:aws:iam::746669210359:role/prod-ensitf-optimaecs-task-execution-role",
            "assume_role_policy": "{\"Statement\":[{\"Action\":\"sts:AssumeRole\",\"Effect\":\"Allow\",\"Principal\":{\"Service\":\"ecs-tasks.amazonaws.com\"},\"Sid\":\"\"}],\"Version\":\"2012-10-17\"}",
            "create_date": "2024-08-30T13:34:49Z",
            "description": "",
            "force_detach_policies": false,
            "id": "prod-ensitf-optimaecs-task-execution-role",
            "inline_policy": [
              {
                "name": "allow-registry-access",
                "policy": "{\"Version\":\"2012-10-17\",\"Statement\":[{\"Action\":\"*\",\"Effect\":\"Allow\",\"Resource\":\"*\",\"Sid\":\"\"}]}"
              }
            ],
            "managed_policy_arns": [],
            "max_session_duration": 3600,
            "name": "prod-ensitf-optimaecs-task-execution-role",
            "name_prefix": "",
            "path": "/",
            "permissions_boundary": null,
            "role_last_used": [
              {
                "last_used_date": "",
                "region": ""
              }
            ],
            "tags": null,
            "tags_all": {},
            "unique_id": "AROA23WHT7L3ZHKSWHI6X"
          },
          "sensitive_attributes": [],
          "private": "bnVsbA==",
          "dependencies": [
            "aws_vpc.vpc",
            "module.production.module.ecs.module.ensitf_optima_svc.data.aws_iam_policy_document.ecs_tasks_execution_role",
            "module.production.module.ecs.module.ensitf_optima_svc.data.aws_iam_policy_document.inline_policy"
          ]
        }
      ]
    },
    {
      "module": "module.production.module.ecs.module.ensitf_optima_svc",
      "mode": "managed",
      "type": "aws_iam_role_policy_attachment",
      "name": "ecs_tasks_execution_role",
      "provider": "provider[\"registry.terraform.io/hashicorp/aws\"]",
      "instances": [
        {
          "schema_version": 0,
          "attributes": {
            "id": "prod-ensitf-optimaecs-task-execution-role-20240830133452188000000003",
            "policy_arn": "arn:aws:iam::aws:policy/service-role/AmazonECSTaskExecutionRolePolicy",
            "role": "prod-ensitf-optimaecs-task-execution-role"
          },
          "sensitive_attributes": [],
          "private": "bnVsbA==",
          "dependencies": [
            "aws_vpc.vpc",
            "module.production.module.ecs.module.ensitf_optima_svc.aws_iam_role.ecs_tasks_execution_role",
            "module.production.module.ecs.module.ensitf_optima_svc.data.aws_iam_policy_document.ecs_tasks_execution_role",
            "module.production.module.ecs.module.ensitf_optima_svc.data.aws_iam_policy_document.inline_policy"
          ]
        }
      ]
    },
    {
      "module": "module.production.module.ecs.module.ensitf_optima_svc",
      "mode": "managed",
      "type": "aws_lb_target_group",
      "name": "nlb_target_group",
      "provider": "provider[\"registry.terraform.io/hashicorp/aws\"]",
      "instances": []
    },
    {
      "module": "module.production.module.ecs.module.ensitf_optima_svc",
      "mode": "managed",
      "type": "aws_lb_target_group",
      "name": "target_group",
      "provider": "provider[\"registry.terraform.io/hashicorp/aws\"]",
      "instances": [
        {
          "index_key": 0,
          "schema_version": 0,
          "attributes": {
            "arn": "arn:aws:elasticloadbalancing:eu-west-1:746669210359:targetgroup/prod-ensitf-optima/fb8ec0911b5b83fa",
            "arn_suffix": "targetgroup/prod-ensitf-optima/fb8ec0911b5b83fa",
            "connection_termination": false,
            "deregistration_delay": "100",
            "health_check": [
              {
                "enabled": true,
                "healthy_threshold": 2,
                "interval": 30,
                "matcher": "200-400",
                "path": "/",
                "port": "traffic-port",
                "protocol": "HTTP",
                "timeout": 10,
                "unhealthy_threshold": 5
              }
            ],
            "id": "arn:aws:elasticloadbalancing:eu-west-1:746669210359:targetgroup/prod-ensitf-optima/fb8ec0911b5b83fa",
            "ip_address_type": "ipv4",
            "lambda_multi_value_headers_enabled": false,
            "load_balancing_algorithm_type": "round_robin",
            "load_balancing_cross_zone_enabled": "use_load_balancer_configuration",
            "name": "prod-ensitf-optima",
            "name_prefix": null,
            "port": 443,
            "preserve_client_ip": null,
            "protocol": "HTTPS",
            "protocol_version": "HTTP1",
            "proxy_protocol_v2": false,
            "slow_start": 0,
            "stickiness": [
              {
                "cookie_duration": 86400,
                "cookie_name": "",
                "enabled": true,
                "type": "lb_cookie"
              }
            ],
            "tags": null,
            "tags_all": {},
            "target_failover": [
              {
                "on_deregistration": null,
                "on_unhealthy": null
              }
            ],
            "target_type": "ip",
            "vpc_id": "vpc-08930d10fca9394f7"
          },
          "sensitive_attributes": [],
          "private": "bnVsbA==",
          "dependencies": [
            "aws_vpc.vpc"
          ]
        }
      ]
    },
    {
      "module": "module.production.module.ecs.module.ensitf_optima_svc",
      "mode": "managed",
      "type": "aws_service_discovery_service",
      "name": "service_discovery",
      "provider": "provider[\"registry.terraform.io/hashicorp/aws\"]",
      "instances": []
    },
    {
      "module": "module.production.module.ensitf_production_db_sg",
      "mode": "managed",
      "type": "aws_security_group",
      "name": "sg",
      "provider": "provider[\"registry.terraform.io/hashicorp/aws\"]",
      "instances": [
        {
          "schema_version": 1,
          "attributes": {
            "arn": "arn:aws:ec2:eu-west-1:746669210359:security-group/sg-085a19fb80159afe0",
            "description": "managed with terraform",
            "egress": [
              {
                "cidr_blocks": [
                  "0.0.0.0/0"
                ],
                "description": "",
                "from_port": 0,
                "ipv6_cidr_blocks": [],
                "prefix_list_ids": [],
                "protocol": "-1",
                "security_groups": [],
                "self": false,
                "to_port": 0
              }
            ],
            "id": "sg-085a19fb80159afe0",
            "ingress": [
              {
                "cidr_blocks": [
                  "0.0.0.0/0"
                ],
                "description": "Allow connections from public temp",
                "from_port": 3306,
                "ipv6_cidr_blocks": [],
                "prefix_list_ids": [],
                "protocol": "tcp",
                "security_groups": [],
                "self": false,
                "to_port": 3306
              },
              {
                "cidr_blocks": [
                  "10.116.0.0/16"
                ],
                "description": "Allow connections from local",
                "from_port": 3306,
                "ipv6_cidr_blocks": [],
                "prefix_list_ids": [],
                "protocol": "tcp",
                "security_groups": [],
                "self": false,
                "to_port": 3306
              }
            ],
            "name": "ensitf-db",
            "name_prefix": "",
            "owner_id": "746669210359",
            "revoke_rules_on_delete": false,
            "tags": {
              "Environment": "dev",
              "Name": "ensitf-db"
            },
            "tags_all": {
              "Environment": "dev",
              "Name": "ensitf-db"
            },
            "timeouts": null,
            "vpc_id": "vpc-08930d10fca9394f7"
          },
          "sensitive_attributes": [],
          "private": "eyJlMmJmYjczMC1lY2FhLTExZTYtOGY4OC0zNDM2M2JjN2M0YzAiOnsiY3JlYXRlIjo2MDAwMDAwMDAwMDAsImRlbGV0ZSI6OTAwMDAwMDAwMDAwfSwic2NoZW1hX3ZlcnNpb24iOiIxIn0=",
          "dependencies": [
            "aws_vpc.vpc"
          ]
        }
      ]
    },
    {
      "module": "module.production.module.subnets.module.private",
      "mode": "data",
      "type": "aws_region",
      "name": "current_region",
      "provider": "provider[\"registry.terraform.io/hashicorp/aws\"]",
      "instances": [
        {
          "schema_version": 0,
          "attributes": {
            "description": "Europe (Ireland)",
            "endpoint": "ec2.eu-west-1.amazonaws.com",
            "id": "eu-west-1",
            "name": "eu-west-1"
          },
          "sensitive_attributes": []
        }
      ]
    },
    {
      "module": "module.production.module.subnets.module.private",
      "mode": "managed",
      "type": "aws_subnet",
      "name": "subnet",
      "provider": "provider[\"registry.terraform.io/hashicorp/aws\"]",
      "instances": [
        {
          "index_key": "10.116.28.0/22:private_subnets",
          "schema_version": 1,
          "attributes": {
            "arn": "arn:aws:ec2:eu-west-1:746669210359:subnet/subnet-012bc53c619d92744",
            "assign_ipv6_address_on_creation": false,
            "availability_zone": "eu-west-1a",
            "availability_zone_id": "euw1-az3",
            "cidr_block": "10.116.28.0/22",
            "customer_owned_ipv4_pool": "",
            "enable_dns64": false,
            "enable_lni_at_device_index": 0,
            "enable_resource_name_dns_a_record_on_launch": false,
            "enable_resource_name_dns_aaaa_record_on_launch": false,
            "id": "subnet-012bc53c619d92744",
            "ipv6_cidr_block": "",
            "ipv6_cidr_block_association_id": "",
            "ipv6_native": false,
            "map_customer_owned_ip_on_launch": false,
            "map_public_ip_on_launch": false,
            "outpost_arn": "",
            "owner_id": "746669210359",
            "private_dns_hostname_type_on_launch": "ip-name",
            "tags": {
              "Environment": "production",
              "Name": "ensitf-production-private-sn-1"
            },
            "tags_all": {
              "Environment": "production",
              "Name": "ensitf-production-private-sn-1"
            },
            "timeouts": null,
            "vpc_id": "vpc-08930d10fca9394f7"
          },
          "sensitive_attributes": [],
          "private": "eyJlMmJmYjczMC1lY2FhLTExZTYtOGY4OC0zNDM2M2JjN2M0YzAiOnsiY3JlYXRlIjo2MDAwMDAwMDAwMDAsImRlbGV0ZSI6MTIwMDAwMDAwMDAwMH0sInNjaGVtYV92ZXJzaW9uIjoiMSJ9",
          "dependencies": [
            "aws_vpc.vpc",
            "module.production.module.subnets.module.private.data.aws_region.current_region"
          ]
        },
        {
          "index_key": "10.116.32.0/22:private_subnets",
          "schema_version": 1,
          "attributes": {
            "arn": "arn:aws:ec2:eu-west-1:746669210359:subnet/subnet-00c7b3fb8acb6c76c",
            "assign_ipv6_address_on_creation": false,
            "availability_zone": "eu-west-1b",
            "availability_zone_id": "euw1-az1",
            "cidr_block": "10.116.32.0/22",
            "customer_owned_ipv4_pool": "",
            "enable_dns64": false,
            "enable_lni_at_device_index": 0,
            "enable_resource_name_dns_a_record_on_launch": false,
            "enable_resource_name_dns_aaaa_record_on_launch": false,
            "id": "subnet-00c7b3fb8acb6c76c",
            "ipv6_cidr_block": "",
            "ipv6_cidr_block_association_id": "",
            "ipv6_native": false,
            "map_customer_owned_ip_on_launch": false,
            "map_public_ip_on_launch": false,
            "outpost_arn": "",
            "owner_id": "746669210359",
            "private_dns_hostname_type_on_launch": "ip-name",
            "tags": {
              "Environment": "production",
              "Name": "ensitf-production-private-sn-2"
            },
            "tags_all": {
              "Environment": "production",
              "Name": "ensitf-production-private-sn-2"
            },
            "timeouts": null,
            "vpc_id": "vpc-08930d10fca9394f7"
          },
          "sensitive_attributes": [],
          "private": "eyJlMmJmYjczMC1lY2FhLTExZTYtOGY4OC0zNDM2M2JjN2M0YzAiOnsiY3JlYXRlIjo2MDAwMDAwMDAwMDAsImRlbGV0ZSI6MTIwMDAwMDAwMDAwMH0sInNjaGVtYV92ZXJzaW9uIjoiMSJ9",
          "dependencies": [
            "aws_vpc.vpc",
            "module.production.module.subnets.module.private.data.aws_region.current_region"
          ]
        }
      ]
    },
    {
      "module": "module.production.module.subnets.module.private_rt",
      "mode": "managed",
      "type": "aws_route",
      "name": "ipv4_route",
      "provider": "provider[\"registry.terraform.io/hashicorp/aws\"]",
      "instances": [
        {
          "index_key": "route1",
          "schema_version": 0,
          "attributes": {
            "carrier_gateway_id": "",
            "core_network_arn": "",
            "destination_cidr_block": "0.0.0.0/0",
            "destination_ipv6_cidr_block": "",
            "destination_prefix_list_id": "",
            "egress_only_gateway_id": "",
            "gateway_id": "",
            "id": "r-rtb-077d5b292c6fd91291080289494",
            "instance_id": "",
            "instance_owner_id": "",
            "local_gateway_id": "",
            "nat_gateway_id": "nat-048aa4a1ef0fcdc98",
            "network_interface_id": "",
            "origin": "CreateRoute",
            "route_table_id": "rtb-077d5b292c6fd9129",
            "state": "active",
            "timeouts": null,
            "transit_gateway_id": "",
            "vpc_endpoint_id": "",
            "vpc_peering_connection_id": ""
          },
          "sensitive_attributes": [],
          "private": "eyJlMmJmYjczMC1lY2FhLTExZTYtOGY4OC0zNDM2M2JjN2M0YzAiOnsiY3JlYXRlIjozMDAwMDAwMDAwMDAsImRlbGV0ZSI6MzAwMDAwMDAwMDAwLCJ1cGRhdGUiOjEyMDAwMDAwMDAwMH19",
          "dependencies": [
            "aws_eip.ngw_eip",
            "aws_internet_gateway.igw",
            "aws_nat_gateway.ngw",
            "aws_vpc.vpc",
            "module.production.module.subnets.module.private_rt.aws_route_table.route_table",
            "module.production.module.subnets.module.public.aws_subnet.subnet",
            "module.production.module.subnets.module.public.data.aws_region.current_region"
          ]
        }
      ]
    },
    {
      "module": "module.production.module.subnets.module.private_rt",
      "mode": "managed",
      "type": "aws_route_table",
      "name": "route_table",
      "provider": "provider[\"registry.terraform.io/hashicorp/aws\"]",
      "instances": [
        {
          "schema_version": 0,
          "attributes": {
            "arn": "arn:aws:ec2:eu-west-1:746669210359:route-table/rtb-077d5b292c6fd9129",
            "id": "rtb-077d5b292c6fd9129",
            "owner_id": "746669210359",
            "propagating_vgws": [],
            "route": [],
            "tags": {
              "Environment": "production",
              "Name": "ensitf-production-route-table-private"
            },
            "tags_all": {
              "Environment": "production",
              "Name": "ensitf-production-route-table-private"
            },
            "timeouts": null,
            "vpc_id": "vpc-08930d10fca9394f7"
          },
          "sensitive_attributes": [],
          "private": "eyJlMmJmYjczMC1lY2FhLTExZTYtOGY4OC0zNDM2M2JjN2M0YzAiOnsiY3JlYXRlIjozMDAwMDAwMDAwMDAsImRlbGV0ZSI6MzAwMDAwMDAwMDAwLCJ1cGRhdGUiOjEyMDAwMDAwMDAwMH19",
          "dependencies": [
            "aws_vpc.vpc"
          ]
        }
      ]
    },
    {
      "module": "module.production.module.subnets.module.private_rt",
      "mode": "managed",
      "type": "aws_route_table_association",
      "name": "subnets",
      "provider": "provider[\"registry.terraform.io/hashicorp/aws\"]",
      "instances": [
        {
          "index_key": 0,
          "schema_version": 0,
          "attributes": {
            "gateway_id": "",
            "id": "rtbassoc-06245baffa0999622",
            "route_table_id": "rtb-077d5b292c6fd9129",
            "subnet_id": "subnet-012bc53c619d92744",
            "timeouts": null
          },
          "sensitive_attributes": [],
          "private": "eyJlMmJmYjczMC1lY2FhLTExZTYtOGY4OC0zNDM2M2JjN2M0YzAiOnsiY3JlYXRlIjozMDAwMDAwMDAwMDAsImRlbGV0ZSI6MzAwMDAwMDAwMDAwLCJ1cGRhdGUiOjEyMDAwMDAwMDAwMH19",
          "dependencies": [
            "aws_vpc.vpc",
            "module.production.module.subnets.module.private.aws_subnet.subnet",
            "module.production.module.subnets.module.private.data.aws_region.current_region",
            "module.production.module.subnets.module.private_rt.aws_route_table.route_table"
          ]
        },
        {
          "index_key": 1,
          "schema_version": 0,
          "attributes": {
            "gateway_id": "",
            "id": "rtbassoc-03123350c79980775",
            "route_table_id": "rtb-077d5b292c6fd9129",
            "subnet_id": "subnet-00c7b3fb8acb6c76c",
            "timeouts": null
          },
          "sensitive_attributes": [],
          "private": "eyJlMmJmYjczMC1lY2FhLTExZTYtOGY4OC0zNDM2M2JjN2M0YzAiOnsiY3JlYXRlIjozMDAwMDAwMDAwMDAsImRlbGV0ZSI6MzAwMDAwMDAwMDAwLCJ1cGRhdGUiOjEyMDAwMDAwMDAwMH19",
          "dependencies": [
            "aws_vpc.vpc",
            "module.production.module.subnets.module.private.aws_subnet.subnet",
            "module.production.module.subnets.module.private.data.aws_region.current_region",
            "module.production.module.subnets.module.private_rt.aws_route_table.route_table"
          ]
        }
      ]
    },
    {
      "module": "module.production.module.subnets.module.public",
      "mode": "data",
      "type": "aws_region",
      "name": "current_region",
      "provider": "provider[\"registry.terraform.io/hashicorp/aws\"]",
      "instances": [
        {
          "schema_version": 0,
          "attributes": {
            "description": "Europe (Ireland)",
            "endpoint": "ec2.eu-west-1.amazonaws.com",
            "id": "eu-west-1",
            "name": "eu-west-1"
          },
          "sensitive_attributes": []
        }
      ]
    },
    {
      "module": "module.production.module.subnets.module.public",
      "mode": "managed",
      "type": "aws_subnet",
      "name": "subnet",
      "provider": "provider[\"registry.terraform.io/hashicorp/aws\"]",
      "instances": [
        {
          "index_key": "10.116.20.0/22:public_subnet",
          "schema_version": 1,
          "attributes": {
            "arn": "arn:aws:ec2:eu-west-1:746669210359:subnet/subnet-0878df2a2a89984d9",
            "assign_ipv6_address_on_creation": false,
            "availability_zone": "eu-west-1a",
            "availability_zone_id": "euw1-az3",
            "cidr_block": "10.116.20.0/22",
            "customer_owned_ipv4_pool": "",
            "enable_dns64": false,
            "enable_lni_at_device_index": 0,
            "enable_resource_name_dns_a_record_on_launch": false,
            "enable_resource_name_dns_aaaa_record_on_launch": false,
            "id": "subnet-0878df2a2a89984d9",
            "ipv6_cidr_block": "",
            "ipv6_cidr_block_association_id": "",
            "ipv6_native": false,
            "map_customer_owned_ip_on_launch": false,
            "map_public_ip_on_launch": true,
            "outpost_arn": "",
            "owner_id": "746669210359",
            "private_dns_hostname_type_on_launch": "ip-name",
            "tags": {
              "Environment": "production",
              "Name": "ensitf-production-public-sn-1"
            },
            "tags_all": {
              "Environment": "production",
              "Name": "ensitf-production-public-sn-1"
            },
            "timeouts": null,
            "vpc_id": "vpc-08930d10fca9394f7"
          },
          "sensitive_attributes": [],
          "private": "eyJlMmJmYjczMC1lY2FhLTExZTYtOGY4OC0zNDM2M2JjN2M0YzAiOnsiY3JlYXRlIjo2MDAwMDAwMDAwMDAsImRlbGV0ZSI6MTIwMDAwMDAwMDAwMH0sInNjaGVtYV92ZXJzaW9uIjoiMSJ9",
          "dependencies": [
            "aws_vpc.vpc",
            "module.production.module.subnets.module.public.data.aws_region.current_region"
          ]
        },
        {
          "index_key": "10.116.24.0/22:public_subnet",
          "schema_version": 1,
          "attributes": {
            "arn": "arn:aws:ec2:eu-west-1:746669210359:subnet/subnet-057989f1e8dcdb7e4",
            "assign_ipv6_address_on_creation": false,
            "availability_zone": "eu-west-1b",
            "availability_zone_id": "euw1-az1",
            "cidr_block": "10.116.24.0/22",
            "customer_owned_ipv4_pool": "",
            "enable_dns64": false,
            "enable_lni_at_device_index": 0,
            "enable_resource_name_dns_a_record_on_launch": false,
            "enable_resource_name_dns_aaaa_record_on_launch": false,
            "id": "subnet-057989f1e8dcdb7e4",
            "ipv6_cidr_block": "",
            "ipv6_cidr_block_association_id": "",
            "ipv6_native": false,
            "map_customer_owned_ip_on_launch": false,
            "map_public_ip_on_launch": true,
            "outpost_arn": "",
            "owner_id": "746669210359",
            "private_dns_hostname_type_on_launch": "ip-name",
            "tags": {
              "Environment": "production",
              "Name": "ensitf-production-public-sn-2"
            },
            "tags_all": {
              "Environment": "production",
              "Name": "ensitf-production-public-sn-2"
            },
            "timeouts": null,
            "vpc_id": "vpc-08930d10fca9394f7"
          },
          "sensitive_attributes": [],
          "private": "eyJlMmJmYjczMC1lY2FhLTExZTYtOGY4OC0zNDM2M2JjN2M0YzAiOnsiY3JlYXRlIjo2MDAwMDAwMDAwMDAsImRlbGV0ZSI6MTIwMDAwMDAwMDAwMH0sInNjaGVtYV92ZXJzaW9uIjoiMSJ9",
          "dependencies": [
            "aws_vpc.vpc",
            "module.production.module.subnets.module.public.data.aws_region.current_region"
          ]
        }
      ]
    },
    {
      "module": "module.production.module.subnets.module.public_rt",
      "mode": "managed",
      "type": "aws_route",
      "name": "ipv4_route",
      "provider": "provider[\"registry.terraform.io/hashicorp/aws\"]",
      "instances": [
        {
          "index_key": "route1",
          "schema_version": 0,
          "attributes": {
            "carrier_gateway_id": "",
            "core_network_arn": "",
            "destination_cidr_block": "0.0.0.0/0",
            "destination_ipv6_cidr_block": "",
            "destination_prefix_list_id": "",
            "egress_only_gateway_id": "",
            "gateway_id": "igw-0e26ead25ccbac7e8",
            "id": "r-rtb-0e6aa553cfc3ee4191080289494",
            "instance_id": "",
            "instance_owner_id": "",
            "local_gateway_id": "",
            "nat_gateway_id": "",
            "network_interface_id": "",
            "origin": "CreateRoute",
            "route_table_id": "rtb-0e6aa553cfc3ee419",
            "state": "active",
            "timeouts": null,
            "transit_gateway_id": "",
            "vpc_endpoint_id": "",
            "vpc_peering_connection_id": ""
          },
          "sensitive_attributes": [],
          "private": "eyJlMmJmYjczMC1lY2FhLTExZTYtOGY4OC0zNDM2M2JjN2M0YzAiOnsiY3JlYXRlIjozMDAwMDAwMDAwMDAsImRlbGV0ZSI6MzAwMDAwMDAwMDAwLCJ1cGRhdGUiOjEyMDAwMDAwMDAwMH19",
          "dependencies": [
            "aws_internet_gateway.igw",
            "aws_vpc.vpc",
            "module.production.module.subnets.module.public_rt.aws_route_table.route_table"
          ]
        }
      ]
    },
    {
      "module": "module.production.module.subnets.module.public_rt",
      "mode": "managed",
      "type": "aws_route_table",
      "name": "route_table",
      "provider": "provider[\"registry.terraform.io/hashicorp/aws\"]",
      "instances": [
        {
          "schema_version": 0,
          "attributes": {
            "arn": "arn:aws:ec2:eu-west-1:746669210359:route-table/rtb-0e6aa553cfc3ee419",
            "id": "rtb-0e6aa553cfc3ee419",
            "owner_id": "746669210359",
            "propagating_vgws": [],
            "route": [],
            "tags": {
              "Environment": "production",
              "Name": "ensitf-production-route-table-public"
            },
            "tags_all": {
              "Environment": "production",
              "Name": "ensitf-production-route-table-public"
            },
            "timeouts": null,
            "vpc_id": "vpc-08930d10fca9394f7"
          },
          "sensitive_attributes": [],
          "private": "eyJlMmJmYjczMC1lY2FhLTExZTYtOGY4OC0zNDM2M2JjN2M0YzAiOnsiY3JlYXRlIjozMDAwMDAwMDAwMDAsImRlbGV0ZSI6MzAwMDAwMDAwMDAwLCJ1cGRhdGUiOjEyMDAwMDAwMDAwMH19",
          "dependencies": [
            "aws_vpc.vpc"
          ]
        }
      ]
    },
    {
      "module": "module.production.module.subnets.module.public_rt",
      "mode": "managed",
      "type": "aws_route_table_association",
      "name": "subnets",
      "provider": "provider[\"registry.terraform.io/hashicorp/aws\"]",
      "instances": [
        {
          "index_key": 0,
          "schema_version": 0,
          "attributes": {
            "gateway_id": "",
            "id": "rtbassoc-0ac5855f970447bd1",
            "route_table_id": "rtb-0e6aa553cfc3ee419",
            "subnet_id": "subnet-0878df2a2a89984d9",
            "timeouts": null
          },
          "sensitive_attributes": [],
          "private": "eyJlMmJmYjczMC1lY2FhLTExZTYtOGY4OC0zNDM2M2JjN2M0YzAiOnsiY3JlYXRlIjozMDAwMDAwMDAwMDAsImRlbGV0ZSI6MzAwMDAwMDAwMDAwLCJ1cGRhdGUiOjEyMDAwMDAwMDAwMH19",
          "dependencies": [
            "aws_vpc.vpc",
            "module.production.module.subnets.module.public.aws_subnet.subnet",
            "module.production.module.subnets.module.public.data.aws_region.current_region",
            "module.production.module.subnets.module.public_rt.aws_route_table.route_table"
          ]
        },
        {
          "index_key": 1,
          "schema_version": 0,
          "attributes": {
            "gateway_id": "",
            "id": "rtbassoc-0c616c4a59bc1f520",
            "route_table_id": "rtb-0e6aa553cfc3ee419",
            "subnet_id": "subnet-057989f1e8dcdb7e4",
            "timeouts": null
          },
          "sensitive_attributes": [],
          "private": "eyJlMmJmYjczMC1lY2FhLTExZTYtOGY4OC0zNDM2M2JjN2M0YzAiOnsiY3JlYXRlIjozMDAwMDAwMDAwMDAsImRlbGV0ZSI6MzAwMDAwMDAwMDAwLCJ1cGRhdGUiOjEyMDAwMDAwMDAwMH19",
          "dependencies": [
            "aws_vpc.vpc",
            "module.production.module.subnets.module.public.aws_subnet.subnet",
            "module.production.module.subnets.module.public.data.aws_region.current_region",
            "module.production.module.subnets.module.public_rt.aws_route_table.route_table"
          ]
        }
      ]
    }
  ],
  "check_results": null
}
